
Microsoft Visual Studio Solution File, Format Version 12.00
# Visual Studio 2013
Project("{FAE04EC0-301F-11D3-BF4B-00C04F79EFBC}") = "tutorial-tanks.CSharp", "tutorial-tanks.CSharp.csproj", "{F93869A7-6BD0-9FC5-C80B-FD18818DDCCA}"
EndProject
Project("{FAE04EC0-301F-11D3-BF4B-00C04F79EFBC}") = "tutorial-tanks.CSharp.Editor", "tutorial-tanks.CSharp.Editor.csproj", "{3AF90312-7BC5-394F-C4D8-C4B0D6C4E4BC}"
EndProject
Global
	GlobalSection(SolutionConfigurationPlatforms) = preSolution
		Debug|Any CPU = Debug|Any CPU
		Release|Any CPU = Release|Any CPU
	EndGlobalSection
	GlobalSection(ProjectConfigurationPlatforms) = postSolution
		{F93869A7-6BD0-9FC5-C80B-FD18818DDCCA}.Debug|Any CPU.ActiveCfg = Debug|Any CPU
		{F93869A7-6BD0-9FC5-C80B-FD18818DDCCA}.Debug|Any CPU.Build.0 = Debug|Any CPU
		{F93869A7-6BD0-9FC5-C80B-FD18818DDCCA}.Release|Any CPU.ActiveCfg = Release|Any CPU
		{F93869A7-6BD0-9FC5-C80B-FD18818DDCCA}.Release|Any CPU.Build.0 = Release|Any CPU
		{3AF90312-7BC5-394F-C4D8-C4B0D6C4E4BC}.Debug|Any CPU.ActiveCfg = Debug|Any CPU
		{3AF90312-7BC5-394F-C4D8-C4B0D6C4E4BC}.Debug|Any CPU.Build.0 = Debug|Any CPU
		{3AF90312-7BC5-394F-C4D8-C4B0D6C4E4BC}.Release|Any CPU.ActiveCfg = Release|Any CPU
		{3AF90312-7BC5-394F-C4D8-C4B0D6C4E4BC}.Release|Any CPU.Build.0 = Release|Any CPU
	EndGlobalSection
	GlobalSection(SolutionProperties) = preSolution
		HideSolutionNode = FALSE
	EndGlobalSection
EndGlobal
